<?xml version="1.0" encoding="utf-8"?>
<Project ToolsVersion="4.0" xmlns="http://schemas.microsoft.com/developer/msbuild/2003">
  <ItemGroup>
    <Filter Include="Source Files">
      <UniqueIdentifier>{4FC737F1-C7A5-4376-A066-2A32D752A2FF}</UniqueIdentifier>
      <Extensions>cpp;c;cc;cxx;def;odl;idl;hpj;bat;asm;asmx</Extensions>
    </Filter>
    <Filter Include="Header Files">
      <UniqueIdentifier>{93995380-89BD-4b04-88EB-625FBE52EBFB}</UniqueIdentifier>
      <Extensions>h;hh;hpp;hxx;hm;inl;inc;xsd</Extensions>
    </Filter>
    <Filter Include="Resource Files">
      <UniqueIdentifier>{67DA6AB6-F800-4c08-8B7A-83BB121AAD01}</UniqueIdentifier>
      <Extensions>rc;ico;cur;bmp;dlg;rc2;rct;bin;rgs;gif;jpg;jpeg;jpe;resx;tiff;tif;png;wav;mfcribbon-ms</Extensions>
    </Filter>
    <Filter Include="Header Files\Game Systems">
      <UniqueIdentifier>{1b026007-d361-40e1-975e-4f14229ead67}</UniqueIdentifier>
    </Filter>
    <Filter Include="Header Files\Game Objects">
      <UniqueIdentifier>{ddee2893-589d-4c69-9ed2-1307a1b02e4b}</UniqueIdentifier>
    </Filter>
    <Filter Include="Source Files\Game Systems">
      <UniqueIdentifier>{33b2cb14-11d2-4627-8e33-e1aead069260}</UniqueIdentifier>
    </Filter>
    <Filter Include="Source Files\Game Objects">
      <UniqueIdentifier>{bbba65d9-4830-4450-b431-033f135d61c4}</UniqueIdentifier>
    </Filter>
  </ItemGroup>
  <ItemGroup>
    <ClCompile Include="Main.cpp">
      <Filter>Source Files</Filter>
    </ClCompile>
    <ClCompile Include="Combat.cpp">
      <Filter>Source Files\Game Systems</Filter>
    </ClCompile>
    <ClCompile Include="input.cpp">
      <Filter>Source Files\Game Systems</Filter>
    </ClCompile>
    <ClCompile Include="engine_funcs.cpp">
      <Filter>Source Files\Game Systems</Filter>
    </ClCompile>
    <ClCompile Include="Player.cpp">
      <Filter>Source Files\Game Objects</Filter>
    </ClCompile>
    <ClCompile Include="Stat_System.cpp">
      <Filter>Source Files\Game Objects</Filter>
    </ClCompile>
    <ClCompile Include="items.cpp">
      <Filter>Source Files\Game Objects</Filter>
    </ClCompile>
    <ClCompile Include="Enemy.cpp">
      <Filter>Source Files\Game Objects</Filter>
    </ClCompile>
  </ItemGroup>
  <ItemGroup>
    <ClInclude Include="global.h">
      <Filter>Header Files</Filter>
    </ClInclude>
    <ClInclude Include="game.h">
      <Filter>Header Files\Game Systems</Filter>
    </ClInclude>
    <ClInclude Include="input.h">
      <Filter>Header Files\Game Systems</Filter>
    </ClInclude>
    <ClInclude Include="Combat.h">
      <Filter>Header Files\Game Systems</Filter>
    </ClInclude>
    <ClInclude Include="items.h">
      <Filter>Header Files\Game Objects</Filter>
    </ClInclude>
    <ClInclude Include="Player.h">
      <Filter>Header Files\Game Objects</Filter>
    </ClInclude>
    <ClInclude Include="Stat_System.h">
      <Filter>Header Files\Game Objects</Filter>
    </ClInclude>
    <ClInclude Include="Enemy.h">
      <Filter>Header Files\Game Objects</Filter>
    </ClInclude>
    <ClInclude Include="Enemy_Mgr.h">
      <Filter>Header Files\Game Systems</Filter>
    </ClInclude>
  </ItemGroup>
</Project>