<?xml version="1.0" encoding="utf-8"?>
<Project ToolsVersion="4.0" xmlns="http://schemas.microsoft.com/developer/msbuild/2003">
  <ItemGroup>
    <Filter Include="Source Files">
      <UniqueIdentifier>{4FC737F1-C7A5-4376-A066-2A32D752A2FF}</UniqueIdentifier>
      <Extensions>cpp;c;cc;cxx;def;odl;idl;hpj;bat;asm;asmx</Extensions>
    </Filter>
    <Filter Include="Header Files">
      <UniqueIdentifier>{93995380-89BD-4b04-88EB-625FBE52EBFB}</UniqueIdentifier>
      <Extensions>h;hh;hpp;hxx;hm;inl;inc;xsd</Extensions>
    </Filter>
    <Filter Include="Resource Files">
      <UniqueIdentifier>{67DA6AB6-F800-4c08-8B7A-83BB121AAD01}</UniqueIdentifier>
      <Extensions>rc;ico;cur;bmp;dlg;rc2;rct;bin;rgs;gif;jpg;jpeg;jpe;resx;tiff;tif;png;wav;mfcribbon-ms</Extensions>
    </Filter>
    <Filter Include="Header Files\Managers">
      <UniqueIdentifier>{a442c8ee-7901-4b38-bfd0-331ff219aa2f}</UniqueIdentifier>
    </Filter>
    <Filter Include="Header Files\RPG">
      <UniqueIdentifier>{f1389582-ae81-4682-adb1-1c112e88af88}</UniqueIdentifier>
    </Filter>
    <Filter Include="Header Files\Graphical">
      <UniqueIdentifier>{ed173fe4-30c8-4bba-9e29-e388b26ee773}</UniqueIdentifier>
    </Filter>
    <Filter Include="Source Files\Managers">
      <UniqueIdentifier>{3d2742d9-ea6a-4816-8c73-c91e403295f0}</UniqueIdentifier>
    </Filter>
    <Filter Include="Source Files\RPG">
      <UniqueIdentifier>{b202de05-71c3-4729-8fab-5b65cbee8f0e}</UniqueIdentifier>
    </Filter>
    <Filter Include="Source Files\Graphical">
      <UniqueIdentifier>{294bf27b-f2dc-4d2e-a5e3-0caad4ed6959}</UniqueIdentifier>
    </Filter>
    <Filter Include="Header Files\Levels">
      <UniqueIdentifier>{3f305582-1c1c-49d7-882e-b2fdfe5d3dcb}</UniqueIdentifier>
    </Filter>
    <Filter Include="Source Files\Levels">
      <UniqueIdentifier>{5dbae589-bda3-4508-891f-cdce0f726417}</UniqueIdentifier>
    </Filter>
    <Filter Include="Header Files\Levels\Maze Gen Alg">
      <UniqueIdentifier>{3ca2eb24-a0ae-4136-b6b9-3f8a5111a463}</UniqueIdentifier>
    </Filter>
    <Filter Include="Source Files\Levels\Maze Gen Alg">
      <UniqueIdentifier>{5747fe9f-a242-4280-89ab-0bfdbab79dcc}</UniqueIdentifier>
    </Filter>
    <Filter Include="Header Files\Misc">
      <UniqueIdentifier>{6a996680-a433-44b8-a8ae-72fe53726993}</UniqueIdentifier>
    </Filter>
    <Filter Include="Source Files\Misc">
      <UniqueIdentifier>{159cc938-0722-4866-b308-36ba9701b84a}</UniqueIdentifier>
    </Filter>
  </ItemGroup>
  <ItemGroup>
    <ClCompile Include="main.cpp">
      <Filter>Source Files</Filter>
    </ClCompile>
    <ClCompile Include="mesh_mgr.cpp">
      <Filter>Source Files\Managers</Filter>
    </ClCompile>
    <ClCompile Include="texture_mgr.cpp">
      <Filter>Source Files\Managers</Filter>
    </ClCompile>
    <ClCompile Include="Combat.cpp">
      <Filter>Source Files\RPG</Filter>
    </ClCompile>
    <ClCompile Include="Player.cpp">
      <Filter>Source Files\RPG</Filter>
    </ClCompile>
    <ClCompile Include="Stat_System.cpp">
      <Filter>Source Files\RPG</Filter>
    </ClCompile>
    <ClCompile Include="mesh.cpp">
      <Filter>Source Files\Graphical</Filter>
    </ClCompile>
    <ClCompile Include="ffont.cpp">
      <Filter>Source Files\Graphical</Filter>
    </ClCompile>
    <ClCompile Include="cell_manager.cpp">
      <Filter>Source Files\Levels\Maze Gen Alg</Filter>
    </ClCompile>
    <ClCompile Include="directions.cpp">
      <Filter>Source Files\Levels\Maze Gen Alg</Filter>
    </ClCompile>
    <ClCompile Include="thebuilder.cpp">
      <Filter>Source Files\Levels\Maze Gen Alg</Filter>
    </ClCompile>
    <ClCompile Include="level_gen.cpp">
      <Filter>Source Files\Levels</Filter>
    </ClCompile>
    <ClCompile Include="engine_funcs.cpp">
      <Filter>Source Files</Filter>
    </ClCompile>
    <ClCompile Include="util_func.cpp">
      <Filter>Source Files\Misc</Filter>
    </ClCompile>
    <ClCompile Include="camera_controls.cpp">
      <Filter>Source Files</Filter>
    </ClCompile>
    <ClCompile Include="input_mgr.cpp">
      <Filter>Source Files\Managers</Filter>
    </ClCompile>
    <ClCompile Include="gui.cpp">
      <Filter>Source Files\Graphical</Filter>
    </ClCompile>
    <ClCompile Include="gui_mgr.h">
      <Filter>Header Files\Managers</Filter>
    </ClCompile>
    <ClCompile Include="vbo_data.cpp">
      <Filter>Source Files\Graphical</Filter>
    </ClCompile>
    <ClCompile Include="2d_graphic.cpp">
      <Filter>Source Files\Graphical</Filter>
    </ClCompile>
    <ClCompile Include="2d_graphic_mgr.cpp">
      <Filter>Source Files\Managers</Filter>
    </ClCompile>
  </ItemGroup>
  <ItemGroup>
    <ClInclude Include="global.h">
      <Filter>Header Files</Filter>
    </ClInclude>
    <ClInclude Include="file_mgr.h">
      <Filter>Header Files\Managers</Filter>
    </ClInclude>
    <ClInclude Include="mesh_mgr.h">
      <Filter>Header Files\Managers</Filter>
    </ClInclude>
    <ClInclude Include="texture_mgr.h">
      <Filter>Header Files\Managers</Filter>
    </ClInclude>
    <ClInclude Include="Combat.h">
      <Filter>Header Files\RPG</Filter>
    </ClInclude>
    <ClInclude Include="Enemy.h">
      <Filter>Header Files\RPG</Filter>
    </ClInclude>
    <ClInclude Include="Player.h">
      <Filter>Header Files\RPG</Filter>
    </ClInclude>
    <ClInclude Include="Stat_System.h">
      <Filter>Header Files\RPG</Filter>
    </ClInclude>
    <ClInclude Include="mesh.h">
      <Filter>Header Files\Graphical</Filter>
    </ClInclude>
    <ClInclude Include="scene_nodes.h">
      <Filter>Header Files\Graphical</Filter>
    </ClInclude>
    <ClInclude Include="ffont.h">
      <Filter>Header Files\Graphical</Filter>
    </ClInclude>
    <ClInclude Include="input_mgr.h">
      <Filter>Header Files\Managers</Filter>
    </ClInclude>
    <ClInclude Include="enemy_mgr.h">
      <Filter>Header Files\Managers</Filter>
    </ClInclude>
    <ClInclude Include="Items.h">
      <Filter>Header Files\RPG</Filter>
    </ClInclude>
    <ClInclude Include="level_gen.h">
      <Filter>Header Files\Levels</Filter>
    </ClInclude>
    <ClInclude Include="cell_manager.h">
      <Filter>Header Files\Levels\Maze Gen Alg</Filter>
    </ClInclude>
    <ClInclude Include="directions.h">
      <Filter>Header Files\Levels\Maze Gen Alg</Filter>
    </ClInclude>
    <ClInclude Include="thebuilder.h">
      <Filter>Header Files\Levels\Maze Gen Alg</Filter>
    </ClInclude>
    <ClInclude Include="game.h">
      <Filter>Header Files</Filter>
    </ClInclude>
    <ClInclude Include="util_func.h">
      <Filter>Header Files\Misc</Filter>
    </ClInclude>
    <ClInclude Include="boolstuff.h">
      <Filter>Header Files\Misc</Filter>
    </ClInclude>
    <ClInclude Include="log.h">
      <Filter>Header Files\Misc</Filter>
    </ClInclude>
    <ClInclude Include="gui.h">
      <Filter>Header Files\Graphical</Filter>
    </ClInclude>
    <ClInclude Include="vbo_data.h">
      <Filter>Header Files\Graphical</Filter>
    </ClInclude>
    <ClInclude Include="2d_graphic.h">
      <Filter>Header Files\Graphical</Filter>
    </ClInclude>
    <ClInclude Include="2d_graphic_mgr.h">
      <Filter>Header Files\Managers</Filter>
    </ClInclude>
  </ItemGroup>
</Project>